// !$*UTF8*$!
{
	archiveVersion = 1;
	classes = {
	};
	objectVersion = 46;
	objects = {

/* Begin PBXBuildFile section */
		264E7661BC9A5D8B48B28248 /* Foundation.framework in Frameworks */ = {isa = PBXBuildFile; fileRef = 8669B4C556190C2867F8663F /* Foundation.framework */; };
		3C4B3A3AC9D90D85CCDCFE76 /* Assets.xcassets in Resources */ = {isa = PBXBuildFile; fileRef = 3255A172C9E93AF978BBFD71 /* Assets.xcassets */; };
		5621C0015CC90DAEB8513996 /* ContentView.swift in Sources */ = {isa = PBXBuildFile; fileRef = 48610D04DC40B08667424382 /* ContentView.swift */; };
		CD05DE2B9AC31B5370696CCC /* Pods_SDSwiftUtilsExample.framework in Frameworks */ = {isa = PBXBuildFile; fileRef = 55DD35391D35846E9FB65BD2 /* Pods_SDSwiftUtilsExample.framework */; };
		EE06B1F845D2A63794A60077 /* SDSwiftUtilsExampleApp.swift in Sources */ = {isa = PBXBuildFile; fileRef = E1E08F6B88E5234B73EE9434 /* SDSwiftUtilsExampleApp.swift */; };
/* End PBXBuildFile section */

/* Begin PBXFileReference section */
		3255A172C9E93AF978BBFD71 /* Assets.xcassets */ = {isa = PBXFileReference; includeInIndex = 1; lastKnownFileType = folder.assetcatalog; path = Assets.xcassets; sourceTree = "<group>"; };
		48610D04DC40B08667424382 /* ContentView.swift */ = {isa = PBXFileReference; includeInIndex = 1; lastKnownFileType = sourcecode.swift; path = ContentView.swift; sourceTree = "<group>"; };
		55DD35391D35846E9FB65BD2 /* Pods_SDSwiftUtilsExample.framework */ = {isa = PBXFileReference; explicitFileType = wrapper.framework; includeInIndex = 0; path = Pods_SDSwiftUtilsExample.framework; sourceTree = BUILT_PRODUCTS_DIR; };
		7A2E2FD1751665141CF89971 /* Pods-SDSwiftUtilsExample.release.xcconfig */ = {isa = PBXFileReference; includeInIndex = 1; lastKnownFileType = text.xcconfig; name = "Pods-SDSwiftUtilsExample.release.xcconfig"; path = "Target Support Files/Pods-SDSwiftUtilsExample/Pods-SDSwiftUtilsExample.release.xcconfig"; sourceTree = "<group>"; };
		8669B4C556190C2867F8663F /* Foundation.framework */ = {isa = PBXFileReference; lastKnownFileType = wrapper.framework; name = Foundation.framework; path = Platforms/iPhoneOS.platform/Developer/SDKs/iPhoneOS18.0.sdk/System/Library/Frameworks/Foundation.framework; sourceTree = DEVELOPER_DIR; };
		A8CB35FD8AF2B21ED951A5DD /* Pods-SDSwiftUtilsExample.debug.xcconfig */ = {isa = PBXFileReference; includeInIndex = 1; lastKnownFileType = text.xcconfig; name = "Pods-SDSwiftUtilsExample.debug.xcconfig"; path = "Target Support Files/Pods-SDSwiftUtilsExample/Pods-SDSwiftUtilsExample.debug.xcconfig"; sourceTree = "<group>"; };
		DBC7BEDD0AACC4DF30CBCD42 /* SDSwiftUtilsExample.app */ = {isa = PBXFileReference; explicitFileType = wrapper.application; includeInIndex = 0; path = SDSwiftUtilsExample.app; sourceTree = BUILT_PRODUCTS_DIR; };
		E1E08F6B88E5234B73EE9434 /* SDSwiftUtilsExampleApp.swift */ = {isa = PBXFileReference; includeInIndex = 1; lastKnownFileType = sourcecode.swift; path = SDSwiftUtilsExampleApp.swift; sourceTree = "<group>"; };
/* End PBXFileReference section */

/* Begin PBXFrameworksBuildPhase section */
		5D2F9FBE06F4DB683C6208C5 /* Frameworks */ = {
			isa = PBXFrameworksBuildPhase;
			buildActionMask = 2147483647;
			files = (
				264E7661BC9A5D8B48B28248 /* Foundation.framework in Frameworks */,
				CD05DE2B9AC31B5370696CCC /* Pods_SDSwiftUtilsExample.framework in Frameworks */,
			);
			runOnlyForDeploymentPostprocessing = 0;
		};
/* End PBXFrameworksBuildPhase section */

/* Begin PBXGroup section */
		12144A853203B3D5D54F38C8 /* Pods */ = {
			isa = PBXGroup;
			children = (
				7A2E2FD1751665141CF89971 /* Pods-SDSwiftUtilsExample.release.xcconfig */,
				A8CB35FD8AF2B21ED951A5DD /* Pods-SDSwiftUtilsExample.debug.xcconfig */,
			);
			name = Pods;
			path = Pods;
			sourceTree = "<group>";
		};
		55DF27FC3D40BB873C660752 /* iOS */ = {
			isa = PBXGroup;
			children = (
				8669B4C556190C2867F8663F /* Foundation.framework */,
			);
			name = iOS;
			sourceTree = "<group>";
		};
		5B97EF38ABE17B26669B5BBC /* Frameworks */ = {
			isa = PBXGroup;
			children = (
				55DF27FC3D40BB873C660752 /* iOS */,
				55DD35391D35846E9FB65BD2 /* Pods_SDSwiftUtilsExample.framework */,
			);
			name = Frameworks;
			sourceTree = "<group>";
		};
		89E061869AF6F01AA35682ED /* Products */ = {
			isa = PBXGroup;
			children = (
				DBC7BEDD0AACC4DF30CBCD42 /* SDSwiftUtilsExample.app */,
			);
			name = Products;
			sourceTree = "<group>";
		};
		BD38B54DBA0721D5B0A15A2D /* SDSwiftUtilsExample */ = {
			isa = PBXGroup;
			children = (
				E1E08F6B88E5234B73EE9434 /* SDSwiftUtilsExampleApp.swift */,
				48610D04DC40B08667424382 /* ContentView.swift */,
				3255A172C9E93AF978BBFD71 /* Assets.xcassets */,
			);
			name = SDSwiftUtilsExample;
			path = SDSwiftUtilsExample;
			sourceTree = "<group>";
		};
		D5BE5447C58FE2EA557E6460 = {
			isa = PBXGroup;
			children = (
				89E061869AF6F01AA35682ED /* Products */,
				5B97EF38ABE17B26669B5BBC /* Frameworks */,
				BD38B54DBA0721D5B0A15A2D /* SDSwiftUtilsExample */,
				12144A853203B3D5D54F38C8 /* Pods */,
			);
			sourceTree = "<group>";
		};
/* End PBXGroup section */

/* Begin PBXNativeTarget section */
		51A52400863E003F558FDC03 /* SDSwiftUtilsExample */ = {
			isa = PBXNativeTarget;
			buildConfigurationList = C65B67389F4EA047509F9E56 /* Build configuration list for PBXNativeTarget "SDSwiftUtilsExample" */;
			buildPhases = (
				785815FC57C800486F55767D /* [CP] Check Pods Manifest.lock */,
				6BCDCCB11712FD045BF6DAC0 /* Sources */,
				5D2F9FBE06F4DB683C6208C5 /* Frameworks */,
				1BB681E680BDA271F00347C5 /* Resources */,
				DAFF7BBAD840DDBC4015AF10 /* [CP] Embed Pods Frameworks */,
			);
			buildRules = (
			);
			dependencies = (
			);
			name = SDSwiftUtilsExample;
			productName = SDSwiftUtilsExample;
			productReference = DBC7BEDD0AACC4DF30CBCD42 /* SDSwiftUtilsExample.app */;
			productType = "com.apple.product-type.application";
		};
/* End PBXNativeTarget section */

/* Begin PBXProject section */
		03183C60C6EDDB8022108936 /* Project object */ = {
			isa = PBXProject;
			attributes = {
				LastSwiftUpdateCheck = 2650;
				LastUpgradeCheck = 2650;
			};
			buildConfigurationList = 0DC35569CEB2C357D3011087 /* Build configuration list for PBXProject "SDSwiftUtilsExample" */;
			compatibilityVersion = "Xcode 3.2";
			developmentRegion = en;
			hasScannedForEncodings = 0;
			knownRegions = (
				en,
				Base,
			);
			mainGroup = D5BE5447C58FE2EA557E6460;
			minimizedProjectReferenceProxies = 0;
			preferredProjectObjectVersion = 77;
			productRefGroup = 89E061869AF6F01AA35682ED /* Products */;
			projectDirPath = "";
			projectRoot = "";
			targets = (
				51A52400863E003F558FDC03 /* SDSwiftUtilsExample */,
			);
		};
/* End PBXProject section */

/* Begin PBXResourcesBuildPhase section */
		1BB681E680BDA271F00347C5 /* Resources */ = {
			isa = PBXResourcesBuildPhase;
			buildActionMask = 2147483647;
			files = (
				3C4B3A3AC9D90D85CCDCFE76 /* Assets.xcassets in Resources */,
			);
			runOnlyForDeploymentPostprocessing = 0;
		};
/* End PBXResourcesBuildPhase section */

/* Begin PBXShellScriptBuildPhase section */
		785815FC57C800486F55767D /* [CP] Check Pods Manifest.lock */ = {
			isa = PBXShellScriptBuildPhase;
			buildActionMask = 2147483647;
			files = (
			);
			inputFileListPaths = (
			);
			inputPaths = (
				"${PODS_PODFILE_DIR_PATH}/Podfile.lock",
				"${PODS_ROOT}/Manifest.lock",
			);
			name = "[CP] Check Pods Manifest.lock";
			outputFileListPaths = (
			);
			outputPaths = (
				"$(DERIVED_FILE_DIR)/Pods-SDSwiftUtilsExample-checkManifestLockResult.txt",
			);
			runOnlyForDeploymentPostprocessing = 0;
			shellPath = /bin/sh;
			shellScript = "diff \"${PODS_PODFILE_DIR_PATH}/Podfile.lock\" \"${PODS_ROOT}/Manifest.lock\" > /dev/null\nif [ $? != 0 ] ; then\n    # print error to STDERR\n    echo \"error: The sandbox is not in sync with the Podfile.lock. Run 'pod install' or update your CocoaPods installation.\" >&2\n    exit 1\nfi\n# This output is used by Xcode 'outputs' to avoid re-running this script phase.\necho \"SUCCESS\" > \"${SCRIPT_OUTPUT_FILE_0}\"\n";
			showEnvVarsInLog = 0;
		};
		DAFF7BBAD840DDBC4015AF10 /* [CP] Embed Pods Frameworks */ = {
			isa = PBXShellScriptBuildPhase;
			buildActionMask = 2147483647;
			files = (
			);
			inputPaths = (
				"${PODS_ROOT}/Target Support Files/Pods-SDSwiftUtilsExample/Pods-SDSwiftUtilsExample-frameworks.sh",
				"${BUILT_PRODUCTS_DIR}/SDSwiftUtils/SDSwiftUtils.framework",
			);
			name = "[CP] Embed Pods Frameworks";
			outputPaths = (
				"${TARGET_BUILD_DIR}/${FRAMEWORKS_FOLDER_PATH}/SDSwiftUtils.framework",
			);
			runOnlyForDeploymentPostprocessing = 0;
			shellPath = /bin/sh;
			shellScript = "\"${PODS_ROOT}/Target Support Files/Pods-SDSwiftUtilsExample/Pods-SDSwiftUtilsExample-frameworks.sh\"\n";
			showEnvVarsInLog = 0;
		};
/* End PBXShellScriptBuildPhase section */

/* Begin PBXSourcesBuildPhase section */
		6BCDCCB11712FD045BF6DAC0 /* Sources */ = {
			isa = PBXSourcesBuildPhase;
			buildActionMask = 2147483647;
			files = (
				EE06B1F845D2A63794A60077 /* SDSwiftUtilsExampleApp.swift in Sources */,
				5621C0015CC90DAEB8513996 /* ContentView.swift in Sources */,
			);
			runOnlyForDeploymentPostprocessing = 0;
		};
/* End PBXSourcesBuildPhase section */

/* Begin XCBuildConfiguration section */
		34383E4D49A1F630110DAAD7 /* Release */ = {
			isa = XCBuildConfiguration;
			buildSettings = {
				ALWAYS_SEARCH_USER_PATHS = NO;
				CLANG_ANALYZER_NONNULL = YES;
				CLANG_ANALYZER_NUMBER_OBJECT_CONVERSION = YES_AGGRESSIVE;
				CLANG_CXX_LANGUAGE_STANDARD = "gnu++14";
				CLANG_CXX_LIBRARY = "libc++";
				CLANG_ENABLE_MODULES = YES;
				CLANG_ENABLE_OBJC_ARC = YES;
				CLANG_ENABLE_OBJC_WEAK = YES;
				CLANG_WARN_BLOCK_CAPTURE_AUTORELEASING = YES;
				CLANG_WARN_BOOL_CONVERSION = YES;
				CLANG_WARN_COMMA = YES;
				CLANG_WARN_CONSTANT_CONVERSION = YES;
				CLANG_WARN_DEPRECATED_OBJC_IMPLEMENTATIONS = YES;
				CLANG_WARN_DIRECT_OBJC_ISA_USAGE = YES_ERROR;
				CLANG_WARN_DOCUMENTATION_COMMENTS = YES;
				CLANG_WARN_EMPTY_BODY = YES;
				CLANG_WARN_ENUM_CONVERSION = YES;
				CLANG_WARN_INFINITE_RECURSION = YES;
				CLANG_WARN_INT_CONVERSION = YES;
				CLANG_WARN_NON_LITERAL_NULL_CONVERSION = YES;
				CLANG_WARN_OBJC_IMPLICIT_RETAIN_SELF = YES;
				CLANG_WARN_OBJC_LITERAL_CONVERSION = YES;
				CLANG_WARN_OBJC_ROOT_CLASS = YES_ERROR;
				CLANG_WARN_QUOTED_INCLUDE_IN_FRAMEWORK_HEADER = YES;
				CLANG_WARN_RANGE_LOOP_ANALYSIS = YES;
				CLANG_WARN_STRICT_PROTOTYPES = YES;
				CLANG_WARN_SUSPICIOUS_MOVE = YES;
				CLANG_WARN_UNGUARDED_AVAILABILITY = YES_AGGRESSIVE;
				CLANG_WARN_UNREACHABLE_CODE = YES;
				CLANG_WARN__DUPLICATE_METHOD_MATCH = YES;
				COPY_PHASE_STRIP = NO;
				DEBUG_INFORMATION_FORMAT = "dwarf-with-dsym";
				ENABLE_NS_ASSERTIONS = NO;
				ENABLE_STRICT_OBJC_MSGSEND = YES;
				GCC_C_LANGUAGE_STANDARD = gnu11;
				GCC_NO_COMMON_BLOCKS = YES;
				GCC_WARN_64_TO_32_BIT_CONVERSION = YES;
				GCC_WARN_ABOUT_RETURN_TYPE = YES_ERROR;
				GCC_WARN_UNDECLARED_SELECTOR = YES;
				GCC_WARN_UNINITIALIZED_AUTOS = YES_AGGRESSIVE;
				GCC_WARN_UNUSED_FUNCTION = YES;
				GCC_WARN_UNUSED_VARIABLE = YES;
				MTL_ENABLE_DEBUG_INFO = NO;
				MTL_FAST_MATH = YES;
				PRODUCT_NAME = "$(TARGET_NAME)";
				SWIFT_COMPILATION_MODE = wholemodule;
				SWIFT_OPTIMIZATION_LEVEL = "-O";
				SWIFT_VERSION = 5.0;
			};
			name = Release;
		};
		A850DA5417107F23CF8CDC8A /* Debug */ = {
			isa = XCBuildConfiguration;
			baseConfigurationReference = A8CB35FD8AF2B21ED951A5DD /* Pods-SDSwiftUtilsExample.debug.xcconfig */;
			buildSettings = {
				ASSETCATALOG_COMPILER_APPICON_NAME = AppIcon;
				ASSETCATALOG_COMPILER_GLOBAL_ACCENT_COLOR_NAME = AccentColor;
				CLANG_ENABLE_OBJC_WEAK = NO;
				CODE_SIGN_STYLE = Automatic;
				CURRENT_PROJECT_VERSION = 1;
				GENERATE_INFOPLIST_FILE = YES;
				INFOPLIST_KEY_UIApplicationSceneManifest_Generation = YES;
				INFOPLIST_KEY_UIApplicationSupportsIndirectInputEvents = YES;
				INFOPLIST_KEY_UILaunchScreen_Generation = YES;
				IPHONEOS_DEPLOYMENT_TARGET = 17.0;
				LD_RUNPATH_SEARCH_PATHS = "$(inherited) @executable_path/Frameworks";
				MARKETING_VERSION = 1.0;
				PRODUCT_BUNDLE_IDENTIFIER = com.liusida.SDSwiftUtilsExample;
				PRODUCT_NAME = "$(TARGET_NAME)";
				SDKROOT = iphoneos;
				SWIFT_EMIT_LOC_STRINGS = YES;
				SWIFT_VERSION = 5.0;
				TARGETED_DEVICE_FAMILY = "1,2";
			};
			name = Debug;
		};
		CE965B498899F4E5FFAB5583 /* Debug */ = {
			isa = XCBuildConfiguration;
			buildSettings = {
				ALWAYS_SEARCH_USER_PATHS = NO;
				CLANG_ANALYZER_NONNULL = YES;
				CLANG_ANALYZER_NUMBER_OBJECT_CONVERSION = YES_AGGRESSIVE;
				CLANG_CXX_LANGUAGE_STANDARD = "gnu++14";
				CLANG_CXX_LIBRARY = "libc++";
				CLANG_ENABLE_MODULES = YES;
				CLANG_ENABLE_OBJC_ARC = YES;
				CLANG_ENABLE_OBJC_WEAK = YES;
				CLANG_WARN_BLOCK_CAPTURE_AUTORELEASING = YES;
				CLANG_WARN_BOOL_CONVERSION = YES;
				CLANG_WARN_COMMA = YES;
				CLANG_WARN_CONSTANT_CONVERSION = YES;
				CLANG_WARN_DEPRECATED_OBJC_IMPLEMENTATIONS = YES;
				CLANG_WARN_DIRECT_OBJC_ISA_USAGE = YES_ERROR;
				CLANG_WARN_DOCUMENTATION_COMMENTS = YES;
				CLANG_WARN_EMPTY_BODY = YES;
				CLANG_WARN_ENUM_CONVERSION = YES;
				CLANG_WARN_INFINITE_RECURSION = YES;
				CLANG_WARN_INT_CONVERSION = YES;
				CLANG_WARN_NON_LITERAL_NULL_CONVERSION = YES;
				CLANG_WARN_OBJC_IMPLICIT_RETAIN_SELF = YES;
				CLANG_WARN_OBJC_LITERAL_CONVERSION = YES;
				CLANG_WARN_OBJC_ROOT_CLASS = YES_ERROR;
				CLANG_WARN_QUOTED_INCLUDE_IN_FRAMEWORK_HEADER = YES;
				CLANG_WARN_RANGE_LOOP_ANALYSIS = YES;
				CLANG_WARN_STRICT_PROTOTYPES = YES;
				CLANG_WARN_SUSPICIOUS_MOVE = YES;
				CLANG_WARN_UNGUARDED_AVAILABILITY = YES_AGGRESSIVE;
				CLANG_WARN_UNREACHABLE_CODE = YES;
				CLANG_WARN__DUPLICATE_METHOD_MATCH = YES;
				COPY_PHASE_STRIP = NO;
				DEBUG_INFORMATION_FORMAT = dwarf;
				ENABLE_STRICT_OBJC_MSGSEND = YES;
				ENABLE_TESTABILITY = YES;
				GCC_C_LANGUAGE_STANDARD = gnu11;
				GCC_DYNAMIC_NO_PIC = NO;
				GCC_NO_COMMON_BLOCKS = YES;
				GCC_OPTIMIZATION_LEVEL = 0;
				GCC_PREPROCESSOR_DEFINITIONS = (
					"DEBUG=1",
					"$(inherited)",
				);
				GCC_WARN_64_TO_32_BIT_CONVERSION = YES;
				GCC_WARN_ABOUT_RETURN_TYPE = YES_ERROR;
				GCC_WARN_UNDECLARED_SELECTOR = YES;
				GCC_WARN_UNINITIALIZED_AUTOS = YES_AGGRESSIVE;
				GCC_WARN_UNUSED_FUNCTION = YES;
				GCC_WARN_UNUSED_VARIABLE = YES;
				MTL_ENABLE_DEBUG_INFO = INCLUDE_SOURCE;
				MTL_FAST_MATH = YES;
				ONLY_ACTIVE_ARCH = YES;
				PRODUCT_NAME = "$(TARGET_NAME)";
				SWIFT_ACTIVE_COMPILATION_CONDITIONS = DEBUG;
				SWIFT_OPTIMIZATION_LEVEL = "-Onone";
				SWIFT_VERSION = 5.0;
			};
			name = Debug;
		};
		E344C77FDC6FC5AAFA5A17A9 /* Release */ = {
			isa = XCBuildConfiguration;
			baseConfigurationReference = 7A2E2FD1751665141CF89971 /* Pods-SDSwiftUtilsExample.release.xcconfig */;
			buildSettings = {
				ASSETCATALOG_COMPILER_APPICON_NAME = AppIcon;
				ASSETCATALOG_COMPILER_GLOBAL_ACCENT_COLOR_NAME = AccentColor;
				CLANG_ENABLE_OBJC_WEAK = NO;
				CODE_SIGN_STYLE = Automatic;
				CURRENT_PROJECT_VERSION = 1;
				GENERATE_INFOPLIST_FILE = YES;
				INFOPLIST_KEY_UIApplicationSceneManifest_Generation = YES;
				INFOPLIST_KEY_UIApplicationSupportsIndirectInputEvents = YES;
				INFOPLIST_KEY_UILaunchScreen_Generation = YES;
				IPHONEOS_DEPLOYMENT_TARGET = 17.0;
				LD_RUNPATH_SEARCH_PATHS = "$(inherited) @executable_path/Frameworks";
				MARKETING_VERSION = 1.0;
				PRODUCT_BUNDLE_IDENTIFIER = com.liusida.SDSwiftUtilsExample;
				PRODUCT_NAME = "$(TARGET_NAME)";
				SDKROOT = iphoneos;
				SWIFT_EMIT_LOC_STRINGS = YES;
				SWIFT_VERSION = 5.0;
				TARGETED_DEVICE_FAMILY = "1,2";
				VALIDATE_PRODUCT = YES;
			};
			name = Release;
		};
/* End XCBuildConfiguration section */

/* Begin XCConfigurationList section */
		0DC35569CEB2C357D3011087 /* Build configuration list for PBXProject "SDSwiftUtilsExample" */ = {
			isa = XCConfigurationList;
			buildConfigurations = (
				CE965B498899F4E5FFAB5583 /* Debug */,
				34383E4D49A1F630110DAAD7 /* Release */,
			);
			defaultConfigurationIsVisible = 0;
			defaultConfigurationName = Release;
		};
		C65B67389F4EA047509F9E56 /* Build configuration list for PBXNativeTarget "SDSwiftUtilsExample" */ = {
			isa = XCConfigurationList;
			buildConfigurations = (
				E344C77FDC6FC5AAFA5A17A9 /* Release */,
				A850DA5417107F23CF8CDC8A /* Debug */,
			);
			defaultConfigurationIsVisible = 0;
			defaultConfigurationName = Release;
		};
/* End XCConfigurationList section */
	};
	rootObject = 03183C60C6EDDB8022108936 /* Project object */;
}
